
Microsoft Visual Studio Solution File, Format Version 12.00
# Visual Studio 15
VisualStudioVersion = 15.0.28307.136
MinimumVisualStudioVersion = 10.0.40219.1
Project("{FAE04EC0-301F-11D3-BF4B-00C04F79EFBC}") = "WindowsFormsApp1", "WindowsFormsApp1\WindowsFormsApp1.csproj", "{5BCB33BD-957C-4F85-8BC4-78DE350D6CFE}"
EndProject
Global
	GlobalSection(SolutionConfigurationPlatforms) = preSolution
		Debug|Any CPU = Debug|Any CPU
		Release|Any CPU = Release|Any CPU
	EndGlobalSection
	GlobalSection(ProjectConfigurationPlatforms) = postSolution
		{5BCB33BD-957C-4F85-8BC4-78DE350D6CFE}.Debug|Any CPU.ActiveCfg = Debug|Any CPU
		{5BCB33BD-957C-4F85-8BC4-78DE350D6CFE}.Debug|Any CPU.Build.0 = Debug|Any CPU
		{5BCB33BD-957C-4F85-8BC4-78DE350D6CFE}.Release|Any CPU.ActiveCfg = Release|Any CPU
		{5BCB33BD-957C-4F85-8BC4-78DE350D6CFE}.Release|Any CPU.Build.0 = Release|Any CPU
	EndGlobalSection
	GlobalSection(SolutionProperties) = preSolution
		HideSolutionNode = FALSE
	EndGlobalSection
	GlobalSection(ExtensibilityGlobals) = postSolution
		SolutionGuid = {50FC44A3-58AA-4A73-805D-21A50A296495}
	EndGlobalSection
EndGlobal
